
Microsoft Visual Studio Solution File, Format Version 12.00
# Visual Studio 15
VisualStudioVersion = 15.0.34112.143
MinimumVisualStudioVersion = 10.0.40219.1
Project("{FAE04EC0-301F-11D3-BF4B-00C04F79EFBC}") = "SalesWebMvc", "SalesWebMvc\SalesWebMvc.csproj", "{6A5FE9C8-E987-482E-B0CB-E4B43342D270}"
EndProject
Global
	GlobalSection(SolutionConfigurationPlatforms) = preSolution
		Debug|Any CPU = Debug|Any CPU
		Release|Any CPU = Release|Any CPU
	EndGlobalSection
	GlobalSection(ProjectConfigurationPlatforms) = postSolution
		{6A5FE9C8-E987-482E-B0CB-E4B43342D270}.Debug|Any CPU.ActiveCfg = Debug|Any CPU
		{6A5FE9C8-E987-482E-B0CB-E4B43342D270}.Debug|Any CPU.Build.0 = Debug|Any CPU
		{6A5FE9C8-E987-482E-B0CB-E4B43342D270}.Release|Any CPU.ActiveCfg = Release|Any CPU
		{6A5FE9C8-E987-482E-B0CB-E4B43342D270}.Release|Any CPU.Build.0 = Release|Any CPU
	EndGlobalSection
	GlobalSection(SolutionProperties) = preSolution
		HideSolutionNode = FALSE
	EndGlobalSection
	GlobalSection(ExtensibilityGlobals) = postSolution
		SolutionGuid = {DBE4D4DD-626E-4E63-83D4-8BB8421334EA}
	EndGlobalSection
EndGlobal
